
Microsoft Visual Studio Solution File, Format Version 12.00
# Visual Studio Version 17
VisualStudioVersion = 17.3.32929.385
MinimumVisualStudioVersion = 10.0.40219.1
Project("{8BC9CEB8-8B4A-11D0-8D11-00A0C91BC942}") = "SepList", "SepList\SepList.vcxproj", "{653B15AE-4BA4-48A2-87C0-4B305B9CD618}"
EndProject
Global
	GlobalSection(SolutionConfigurationPlatforms) = preSolution
		Debug|x64 = Debug|x64
		Debug|x86 = Debug|x86
		Release|x64 = Release|x64
		Release|x86 = Release|x86
	EndGlobalSection
	GlobalSection(ProjectConfigurationPlatforms) = postSolution
		{653B15AE-4BA4-48A2-87C0-4B305B9CD618}.Debug|x64.ActiveCfg = Debug|x64
		{653B15AE-4BA4-48A2-87C0-4B305B9CD618}.Debug|x64.Build.0 = Debug|x64
		{653B15AE-4BA4-48A2-87C0-4B305B9CD618}.Debug|x86.ActiveCfg = Debug|Win32
		{653B15AE-4BA4-48A2-87C0-4B305B9CD618}.Debug|x86.Build.0 = Debug|Win32
		{653B15AE-4BA4-48A2-87C0-4B305B9CD618}.Release|x64.ActiveCfg = Release|x64
		{653B15AE-4BA4-48A2-87C0-4B305B9CD618}.Release|x64.Build.0 = Release|x64
		{653B15AE-4BA4-48A2-87C0-4B305B9CD618}.Release|x86.ActiveCfg = Release|Win32
		{653B15AE-4BA4-48A2-87C0-4B305B9CD618}.Release|x86.Build.0 = Release|Win32
	EndGlobalSection
	GlobalSection(SolutionProperties) = preSolution
		HideSolutionNode = FALSE
	EndGlobalSection
	GlobalSection(ExtensibilityGlobals) = postSolution
		SolutionGuid = {98CDCF9A-6B4E-4890-91A9-0DB5AB272CE1}
	EndGlobalSection
EndGlobal
